// !$*UTF8*$!
{
	archiveVersion = 1;
	classes = {
	};
	objectVersion = 52;
	objects = {

/* Begin PBXBuildFile section */
		BBC5A45126818BBD0023A824 /* WangYiNewsApp.swift in Sources */ = {isa = PBXBuildFile; fileRef = BBC5A43E26818BBC0023A824 /* WangYiNewsApp.swift */; };
		BBC5A45226818BBD0023A824 /* WangYiNewsApp.swift in Sources */ = {isa = PBXBuildFile; fileRef = BBC5A43E26818BBC0023A824 /* WangYiNewsApp.swift */; };
		BBC5A45326818BBD0023A824 /* ContentView.swift in Sources */ = {isa = PBXBuildFile; fileRef = BBC5A43F26818BBC0023A824 /* ContentView.swift */; };
		BBC5A45426818BBD0023A824 /* ContentView.swift in Sources */ = {isa = PBXBuildFile; fileRef = BBC5A43F26818BBC0023A824 /* ContentView.swift */; };
		BBC5A45526818BBD0023A824 /* Assets.xcassets in Resources */ = {isa = PBXBuildFile; fileRef = BBC5A44026818BBD0023A824 /* Assets.xcassets */; };
		BBC5A45626818BBD0023A824 /* Assets.xcassets in Resources */ = {isa = PBXBuildFile; fileRef = BBC5A44026818BBD0023A824 /* Assets.xcassets */; };
		BBC5A46426818DB80023A824 /* ItemView.swift in Sources */ = {isa = PBXBuildFile; fileRef = BBC5A46326818DB80023A824 /* ItemView.swift */; };
		BBC5A46526818DB80023A824 /* ItemView.swift in Sources */ = {isa = PBXBuildFile; fileRef = BBC5A46326818DB80023A824 /* ItemView.swift */; };
		BBC5A46826818EE00023A824 /* URLImageStore in Frameworks */ = {isa = PBXBuildFile; productRef = BBC5A46726818EE00023A824 /* URLImageStore */; };
		BBC5A46A26818EE00023A824 /* URLImage in Frameworks */ = {isa = PBXBuildFile; productRef = BBC5A46926818EE00023A824 /* URLImage */; };
		BBC5A46C26818F790023A824 /* Item.swift in Sources */ = {isa = PBXBuildFile; fileRef = BBC5A46B26818F790023A824 /* Item.swift */; };
		BBC5A46D26818F790023A824 /* Item.swift in Sources */ = {isa = PBXBuildFile; fileRef = BBC5A46B26818F790023A824 /* Item.swift */; };
		BBC5A46F2681965A0023A824 /* ListView.swift in Sources */ = {isa = PBXBuildFile; fileRef = BBC5A46E2681965A0023A824 /* ListView.swift */; };
		BBC5A4702681965A0023A824 /* ListView.swift in Sources */ = {isa = PBXBuildFile; fileRef = BBC5A46E2681965A0023A824 /* ListView.swift */; };
		BBC5A4722681BDEE0023A824 /* ListViewModel.swift in Sources */ = {isa = PBXBuildFile; fileRef = BBC5A4712681BDEE0023A824 /* ListViewModel.swift */; };
		BBC5A4732681BDEE0023A824 /* ListViewModel.swift in Sources */ = {isa = PBXBuildFile; fileRef = BBC5A4712681BDEE0023A824 /* ListViewModel.swift */; };
		BBC5A4752681BF140023A824 /* NewsAPI.swift in Sources */ = {isa = PBXBuildFile; fileRef = BBC5A4742681BF140023A824 /* NewsAPI.swift */; };
		BBC5A4762681BF140023A824 /* NewsAPI.swift in Sources */ = {isa = PBXBuildFile; fileRef = BBC5A4742681BF140023A824 /* NewsAPI.swift */; };
		BBC5A4782681CADD0023A824 /* NewsError.swift in Sources */ = {isa = PBXBuildFile; fileRef = BBC5A4772681CADD0023A824 /* NewsError.swift */; };
		BBC5A4792681CADD0023A824 /* NewsError.swift in Sources */ = {isa = PBXBuildFile; fileRef = BBC5A4772681CADD0023A824 /* NewsError.swift */; };
		BBC5A47B2681D2690023A824 /* WebView.swift in Sources */ = {isa = PBXBuildFile; fileRef = BBC5A47A2681D2690023A824 /* WebView.swift */; };
		BBC5A47C2681D2690023A824 /* WebView.swift in Sources */ = {isa = PBXBuildFile; fileRef = BBC5A47A2681D2690023A824 /* WebView.swift */; };
/* End PBXBuildFile section */

/* Begin PBXFileReference section */
		BBC5A43E26818BBC0023A824 /* WangYiNewsApp.swift */ = {isa = PBXFileReference; lastKnownFileType = sourcecode.swift; path = WangYiNewsApp.swift; sourceTree = "<group>"; };
		BBC5A43F26818BBC0023A824 /* ContentView.swift */ = {isa = PBXFileReference; lastKnownFileType = sourcecode.swift; path = ContentView.swift; sourceTree = "<group>"; };
		BBC5A44026818BBD0023A824 /* Assets.xcassets */ = {isa = PBXFileReference; lastKnownFileType = folder.assetcatalog; path = Assets.xcassets; sourceTree = "<group>"; };
		BBC5A44526818BBD0023A824 /* WangYiNews.app */ = {isa = PBXFileReference; explicitFileType = wrapper.application; includeInIndex = 0; path = WangYiNews.app; sourceTree = BUILT_PRODUCTS_DIR; };
		BBC5A44826818BBD0023A824 /* Info.plist */ = {isa = PBXFileReference; lastKnownFileType = text.plist.xml; path = Info.plist; sourceTree = "<group>"; };
		BBC5A44D26818BBD0023A824 /* WangYiNews.app */ = {isa = PBXFileReference; explicitFileType = wrapper.application; includeInIndex = 0; path = WangYiNews.app; sourceTree = BUILT_PRODUCTS_DIR; };
		BBC5A44F26818BBD0023A824 /* Info.plist */ = {isa = PBXFileReference; lastKnownFileType = text.plist.xml; path = Info.plist; sourceTree = "<group>"; };
		BBC5A45026818BBD0023A824 /* macOS.entitlements */ = {isa = PBXFileReference; lastKnownFileType = text.plist.entitlements; path = macOS.entitlements; sourceTree = "<group>"; };
		BBC5A46326818DB80023A824 /* ItemView.swift */ = {isa = PBXFileReference; lastKnownFileType = sourcecode.swift; path = ItemView.swift; sourceTree = "<group>"; };
		BBC5A46B26818F790023A824 /* Item.swift */ = {isa = PBXFileReference; lastKnownFileType = sourcecode.swift; path = Item.swift; sourceTree = "<group>"; };
		BBC5A46E2681965A0023A824 /* ListView.swift */ = {isa = PBXFileReference; lastKnownFileType = sourcecode.swift; path = ListView.swift; sourceTree = "<group>"; };
		BBC5A4712681BDEE0023A824 /* ListViewModel.swift */ = {isa = PBXFileReference; lastKnownFileType = sourcecode.swift; path = ListViewModel.swift; sourceTree = "<group>"; };
		BBC5A4742681BF140023A824 /* NewsAPI.swift */ = {isa = PBXFileReference; lastKnownFileType = sourcecode.swift; path = NewsAPI.swift; sourceTree = "<group>"; };
		BBC5A4772681CADD0023A824 /* NewsError.swift */ = {isa = PBXFileReference; lastKnownFileType = sourcecode.swift; path = NewsError.swift; sourceTree = "<group>"; };
		BBC5A47A2681D2690023A824 /* WebView.swift */ = {isa = PBXFileReference; fileEncoding = 4; lastKnownFileType = sourcecode.swift; path = WebView.swift; sourceTree = "<group>"; };
		BBD92FC62682C7AB00A56C4D /* README.md */ = {isa = PBXFileReference; lastKnownFileType = net.daringfireball.markdown; path = README.md; sourceTree = "<group>"; };
/* End PBXFileReference section */

/* Begin PBXFrameworksBuildPhase section */
		BBC5A44226818BBD0023A824 /* Frameworks */ = {
			isa = PBXFrameworksBuildPhase;
			buildActionMask = 2147483647;
			files = (
				BBC5A46A26818EE00023A824 /* URLImage in Frameworks */,
				BBC5A46826818EE00023A824 /* URLImageStore in Frameworks */,
			);
			runOnlyForDeploymentPostprocessing = 0;
		};
		BBC5A44A26818BBD0023A824 /* Frameworks */ = {
			isa = PBXFrameworksBuildPhase;
			buildActionMask = 2147483647;
			files = (
			);
			runOnlyForDeploymentPostprocessing = 0;
		};
/* End PBXFrameworksBuildPhase section */

/* Begin PBXGroup section */
		BBC5A43826818BBB0023A824 = {
			isa = PBXGroup;
			children = (
				BBD92FC72682C95B00A56C4D /* previews */,
				BBD92FC62682C7AB00A56C4D /* README.md */,
				BBC5A43D26818BBC0023A824 /* Shared */,
				BBC5A44726818BBD0023A824 /* iOS */,
				BBC5A44E26818BBD0023A824 /* macOS */,
				BBC5A44626818BBD0023A824 /* Products */,
			);
			sourceTree = "<group>";
		};
		BBC5A43D26818BBC0023A824 /* Shared */ = {
			isa = PBXGroup;
			children = (
				BBC5A46226818D8B0023A824 /* ViewModels */,
				BBC5A46026818D470023A824 /* Models */,
				BBC5A45F26818D370023A824 /* Views */,
				BBC5A43E26818BBC0023A824 /* WangYiNewsApp.swift */,
				BBC5A43F26818BBC0023A824 /* ContentView.swift */,
				BBC5A44026818BBD0023A824 /* Assets.xcassets */,
				BBC5A4742681BF140023A824 /* NewsAPI.swift */,
			);
			path = Shared;
			sourceTree = "<group>";
		};
		BBC5A44626818BBD0023A824 /* Products */ = {
			isa = PBXGroup;
			children = (
				BBC5A44526818BBD0023A824 /* WangYiNews.app */,
				BBC5A44D26818BBD0023A824 /* WangYiNews.app */,
			);
			name = Products;
			sourceTree = "<group>";
		};
		BBC5A44726818BBD0023A824 /* iOS */ = {
			isa = PBXGroup;
			children = (
				BBC5A44826818BBD0023A824 /* Info.plist */,
			);
			path = iOS;
			sourceTree = "<group>";
		};
		BBC5A44E26818BBD0023A824 /* macOS */ = {
			isa = PBXGroup;
			children = (
				BBC5A44F26818BBD0023A824 /* Info.plist */,
				BBC5A45026818BBD0023A824 /* macOS.entitlements */,
			);
			path = macOS;
			sourceTree = "<group>";
		};
		BBC5A45F26818D370023A824 /* Views */ = {
			isa = PBXGroup;
			children = (
				BBC5A47A2681D2690023A824 /* WebView.swift */,
				BBC5A46326818DB80023A824 /* ItemView.swift */,
				BBC5A46E2681965A0023A824 /* ListView.swift */,
			);
			path = Views;
			sourceTree = "<group>";
		};
		BBC5A46026818D470023A824 /* Models */ = {
			isa = PBXGroup;
			children = (
				BBC5A46B26818F790023A824 /* Item.swift */,
				BBC5A4772681CADD0023A824 /* NewsError.swift */,
			);
			path = Models;
			sourceTree = "<group>";
		};
		BBC5A46226818D8B0023A824 /* ViewModels */ = {
			isa = PBXGroup;
			children = (
				BBC5A4712681BDEE0023A824 /* ListViewModel.swift */,
			);
			path = ViewModels;
			sourceTree = "<group>";
		};
		BBD92FC72682C95B00A56C4D /* previews */ = {
			isa = PBXGroup;
			children = (
			);
			path = previews;
			sourceTree = "<group>";
		};
/* End PBXGroup section */

/* Begin PBXNativeTarget section */
		BBC5A44426818BBD0023A824 /* WangYiNews (iOS) */ = {
			isa = PBXNativeTarget;
			buildConfigurationList = BBC5A45926818BBD0023A824 /* Build configuration list for PBXNativeTarget "WangYiNews (iOS)" */;
			buildPhases = (
				BBC5A44126818BBD0023A824 /* Sources */,
				BBC5A44226818BBD0023A824 /* Frameworks */,
				BBC5A44326818BBD0023A824 /* Resources */,
			);
			buildRules = (
			);
			dependencies = (
			);
			name = "WangYiNews (iOS)";
			packageProductDependencies = (
				BBC5A46726818EE00023A824 /* URLImageStore */,
				BBC5A46926818EE00023A824 /* URLImage */,
			);
			productName = "WangYiNews (iOS)";
			productReference = BBC5A44526818BBD0023A824 /* WangYiNews.app */;
			productType = "com.apple.product-type.application";
		};
		BBC5A44C26818BBD0023A824 /* WangYiNews (macOS) */ = {
			isa = PBXNativeTarget;
			buildConfigurationList = BBC5A45C26818BBD0023A824 /* Build configuration list for PBXNativeTarget "WangYiNews (macOS)" */;
			buildPhases = (
				BBC5A44926818BBD0023A824 /* Sources */,
				BBC5A44A26818BBD0023A824 /* Frameworks */,
				BBC5A44B26818BBD0023A824 /* Resources */,
			);
			buildRules = (
			);
			dependencies = (
			);
			name = "WangYiNews (macOS)";
			productName = "WangYiNews (macOS)";
			productReference = BBC5A44D26818BBD0023A824 /* WangYiNews.app */;
			productType = "com.apple.product-type.application";
		};
/* End PBXNativeTarget section */

/* Begin PBXProject section */
		BBC5A43926818BBB0023A824 /* Project object */ = {
			isa = PBXProject;
			attributes = {
				LastSwiftUpdateCheck = 1250;
				LastUpgradeCheck = 1250;
				TargetAttributes = {
					BBC5A44426818BBD0023A824 = {
						CreatedOnToolsVersion = 12.5.1;
					};
					BBC5A44C26818BBD0023A824 = {
						CreatedOnToolsVersion = 12.5.1;
					};
				};
			};
			buildConfigurationList = BBC5A43C26818BBB0023A824 /* Build configuration list for PBXProject "WangYiNews" */;
			compatibilityVersion = "Xcode 9.3";
			developmentRegion = en;
			hasScannedForEncodings = 0;
			knownRegions = (
				en,
				Base,
			);
			mainGroup = BBC5A43826818BBB0023A824;
			packageReferences = (
				BBC5A46626818EE00023A824 /* XCRemoteSwiftPackageReference "url-image" */,
			);
			productRefGroup = BBC5A44626818BBD0023A824 /* Products */;
			projectDirPath = "";
			projectRoot = "";
			targets = (
				BBC5A44426818BBD0023A824 /* WangYiNews (iOS) */,
				BBC5A44C26818BBD0023A824 /* WangYiNews (macOS) */,
			);
		};
/* End PBXProject section */

/* Begin PBXResourcesBuildPhase section */
		BBC5A44326818BBD0023A824 /* Resources */ = {
			isa = PBXResourcesBuildPhase;
			buildActionMask = 2147483647;
			files = (
				BBC5A45526818BBD0023A824 /* Assets.xcassets in Resources */,
			);
			runOnlyForDeploymentPostprocessing = 0;
		};
		BBC5A44B26818BBD0023A824 /* Resources */ = {
			isa = PBXResourcesBuildPhase;
			buildActionMask = 2147483647;
			files = (
				BBC5A45626818BBD0023A824 /* Assets.xcassets in Resources */,
			);
			runOnlyForDeploymentPostprocessing = 0;
		};
/* End PBXResourcesBuildPhase section */

/* Begin PBXSourcesBuildPhase section */
		BBC5A44126818BBD0023A824 /* Sources */ = {
			isa = PBXSourcesBuildPhase;
			buildActionMask = 2147483647;
			files = (
				BBC5A46C26818F790023A824 /* Item.swift in Sources */,
				BBC5A4782681CADD0023A824 /* NewsError.swift in Sources */,
				BBC5A45326818BBD0023A824 /* ContentView.swift in Sources */,
				BBC5A4722681BDEE0023A824 /* ListViewModel.swift in Sources */,
				BBC5A46F2681965A0023A824 /* ListView.swift in Sources */,
				BBC5A46426818DB80023A824 /* ItemView.swift in Sources */,
				BBC5A47B2681D2690023A824 /* WebView.swift in Sources */,
				BBC5A4752681BF140023A824 /* NewsAPI.swift in Sources */,
				BBC5A45126818BBD0023A824 /* WangYiNewsApp.swift in Sources */,
			);
			runOnlyForDeploymentPostprocessing = 0;
		};
		BBC5A44926818BBD0023A824 /* Sources */ = {
			isa = PBXSourcesBuildPhase;
			buildActionMask = 2147483647;
			files = (
				BBC5A46D26818F790023A824 /* Item.swift in Sources */,
				BBC5A4792681CADD0023A824 /* NewsError.swift in Sources */,
				BBC5A45426818BBD0023A824 /* ContentView.swift in Sources */,
				BBC5A4732681BDEE0023A824 /* ListViewModel.swift in Sources */,
				BBC5A4702681965A0023A824 /* ListView.swift in Sources */,
				BBC5A46526818DB80023A824 /* ItemView.swift in Sources */,
				BBC5A47C2681D2690023A824 /* WebView.swift in Sources */,
				BBC5A4762681BF140023A824 /* NewsAPI.swift in Sources */,
				BBC5A45226818BBD0023A824 /* WangYiNewsApp.swift in Sources */,
			);
			runOnlyForDeploymentPostprocessing = 0;
		};
/* End PBXSourcesBuildPhase section */

/* Begin XCBuildConfiguration section */
		BBC5A45726818BBD0023A824 /* Debug */ = {
			isa = XCBuildConfiguration;
			buildSettings = {
				ALWAYS_SEARCH_USER_PATHS = NO;
				CLANG_ANALYZER_NONNULL = YES;
				CLANG_ANALYZER_NUMBER_OBJECT_CONVERSION = YES_AGGRESSIVE;
				CLANG_CXX_LANGUAGE_STANDARD = "gnu++14";
				CLANG_CXX_LIBRARY = "libc++";
				CLANG_ENABLE_MODULES = YES;
				CLANG_ENABLE_OBJC_ARC = YES;
				CLANG_ENABLE_OBJC_WEAK = YES;
				CLANG_WARN_BLOCK_CAPTURE_AUTORELEASING = YES;
				CLANG_WARN_BOOL_CONVERSION = YES;
				CLANG_WARN_COMMA = YES;
				CLANG_WARN_CONSTANT_CONVERSION = YES;
				CLANG_WARN_DEPRECATED_OBJC_IMPLEMENTATIONS = YES;
				CLANG_WARN_DIRECT_OBJC_ISA_USAGE = YES_ERROR;
				CLANG_WARN_DOCUMENTATION_COMMENTS = YES;
				CLANG_WARN_EMPTY_BODY = YES;
				CLANG_WARN_ENUM_CONVERSION = YES;
				CLANG_WARN_INFINITE_RECURSION = YES;
				CLANG_WARN_INT_CONVERSION = YES;
				CLANG_WARN_NON_LITERAL_NULL_CONVERSION = YES;
				CLANG_WARN_OBJC_IMPLICIT_RETAIN_SELF = YES;
				CLANG_WARN_OBJC_LITERAL_CONVERSION = YES;
				CLANG_WARN_OBJC_ROOT_CLASS = YES_ERROR;
				CLANG_WARN_QUOTED_INCLUDE_IN_FRAMEWORK_HEADER = YES;
				CLANG_WARN_RANGE_LOOP_ANALYSIS = YES;
				CLANG_WARN_STRICT_PROTOTYPES = YES;
				CLANG_WARN_SUSPICIOUS_MOVE = YES;
				CLANG_WARN_UNGUARDED_AVAILABILITY = YES_AGGRESSIVE;
				CLANG_WARN_UNREACHABLE_CODE = YES;
				CLANG_WARN__DUPLICATE_METHOD_MATCH = YES;
				COPY_PHASE_STRIP = NO;
				DEBUG_INFORMATION_FORMAT = dwarf;
				ENABLE_STRICT_OBJC_MSGSEND = YES;
				ENABLE_TESTABILITY = YES;
				GCC_C_LANGUAGE_STANDARD = gnu11;
				GCC_DYNAMIC_NO_PIC = NO;
				GCC_NO_COMMON_BLOCKS = YES;
				GCC_OPTIMIZATION_LEVEL = 0;
				GCC_PREPROCESSOR_DEFINITIONS = (
					"DEBUG=1",
					"$(inherited)",
				);
				GCC_WARN_64_TO_32_BIT_CONVERSION = YES;
				GCC_WARN_ABOUT_RETURN_TYPE = YES_ERROR;
				GCC_WARN_UNDECLARED_SELECTOR = YES;
				GCC_WARN_UNINITIALIZED_AUTOS = YES_AGGRESSIVE;
				GCC_WARN_UNUSED_FUNCTION = YES;
				GCC_WARN_UNUSED_VARIABLE = YES;
				MTL_ENABLE_DEBUG_INFO = INCLUDE_SOURCE;
				MTL_FAST_MATH = YES;
				ONLY_ACTIVE_ARCH = YES;
				SWIFT_ACTIVE_COMPILATION_CONDITIONS = DEBUG;
				SWIFT_OPTIMIZATION_LEVEL = "-Onone";
			};
			name = Debug;
		};
		BBC5A45826818BBD0023A824 /* Release */ = {
			isa = XCBuildConfiguration;
			buildSettings = {
				ALWAYS_SEARCH_USER_PATHS = NO;
				CLANG_ANALYZER_NONNULL = YES;
				CLANG_ANALYZER_NUMBER_OBJECT_CONVERSION = YES_AGGRESSIVE;
				CLANG_CXX_LANGUAGE_STANDARD = "gnu++14";
				CLANG_CXX_LIBRARY = "libc++";
				CLANG_ENABLE_MODULES = YES;
				CLANG_ENABLE_OBJC_ARC = YES;
				CLANG_ENABLE_OBJC_WEAK = YES;
				CLANG_WARN_BLOCK_CAPTURE_AUTORELEASING = YES;
				CLANG_WARN_BOOL_CONVERSION = YES;
				CLANG_WARN_COMMA = YES;
				CLANG_WARN_CONSTANT_CONVERSION = YES;
				CLANG_WARN_DEPRECATED_OBJC_IMPLEMENTATIONS = YES;
				CLANG_WARN_DIRECT_OBJC_ISA_USAGE = YES_ERROR;
				CLANG_WARN_DOCUMENTATION_COMMENTS = YES;
				CLANG_WARN_EMPTY_BODY = YES;
				CLANG_WARN_ENUM_CONVERSION = YES;
				CLANG_WARN_INFINITE_RECURSION = YES;
				CLANG_WARN_INT_CONVERSION = YES;
				CLANG_WARN_NON_LITERAL_NULL_CONVERSION = YES;
				CLANG_WARN_OBJC_IMPLICIT_RETAIN_SELF = YES;
				CLANG_WARN_OBJC_LITERAL_CONVERSION = YES;
				CLANG_WARN_OBJC_ROOT_CLASS = YES_ERROR;
				CLANG_WARN_QUOTED_INCLUDE_IN_FRAMEWORK_HEADER = YES;
				CLANG_WARN_RANGE_LOOP_ANALYSIS = YES;
				CLANG_WARN_STRICT_PROTOTYPES = YES;
				CLANG_WARN_SUSPICIOUS_MOVE = YES;
				CLANG_WARN_UNGUARDED_AVAILABILITY = YES_AGGRESSIVE;
				CLANG_WARN_UNREACHABLE_CODE = YES;
				CLANG_WARN__DUPLICATE_METHOD_MATCH = YES;
				COPY_PHASE_STRIP = NO;
				DEBUG_INFORMATION_FORMAT = "dwarf-with-dsym";
				ENABLE_NS_ASSERTIONS = NO;
				ENABLE_STRICT_OBJC_MSGSEND = YES;
				GCC_C_LANGUAGE_STANDARD = gnu11;
				GCC_NO_COMMON_BLOCKS = YES;
				GCC_WARN_64_TO_32_BIT_CONVERSION = YES;
				GCC_WARN_ABOUT_RETURN_TYPE = YES_ERROR;
				GCC_WARN_UNDECLARED_SELECTOR = YES;
				GCC_WARN_UNINITIALIZED_AUTOS = YES_AGGRESSIVE;
				GCC_WARN_UNUSED_FUNCTION = YES;
				GCC_WARN_UNUSED_VARIABLE = YES;
				MTL_ENABLE_DEBUG_INFO = NO;
				MTL_FAST_MATH = YES;
				SWIFT_COMPILATION_MODE = wholemodule;
				SWIFT_OPTIMIZATION_LEVEL = "-O";
			};
			name = Release;
		};
		BBC5A45A26818BBD0023A824 /* Debug */ = {
			isa = XCBuildConfiguration;
			buildSettings = {
				ASSETCATALOG_COMPILER_APPICON_NAME = AppIcon;
				ASSETCATALOG_COMPILER_GLOBAL_ACCENT_COLOR_NAME = AccentColor;
				CODE_SIGN_STYLE = Automatic;
				DEVELOPMENT_TEAM = 59DHQ3D4Q7;
				ENABLE_PREVIEWS = YES;
				INFOPLIST_FILE = iOS/Info.plist;
				IPHONEOS_DEPLOYMENT_TARGET = 14.0;
				LD_RUNPATH_SEARCH_PATHS = (
					"$(inherited)",
					"@executable_path/Frameworks",
				);
				PRODUCT_BUNDLE_IDENTIFIER = com.fourcels.WangYiNews;
				PRODUCT_NAME = WangYiNews;
				SDKROOT = iphoneos;
				SWIFT_VERSION = 5.0;
				TARGETED_DEVICE_FAMILY = "1,2";
			};
			name = Debug;
		};
		BBC5A45B26818BBD0023A824 /* Release */ = {
			isa = XCBuildConfiguration;
			buildSettings = {
				ASSETCATALOG_COMPILER_APPICON_NAME = AppIcon;
				ASSETCATALOG_COMPILER_GLOBAL_ACCENT_COLOR_NAME = AccentColor;
				CODE_SIGN_STYLE = Automatic;
				DEVELOPMENT_TEAM = 59DHQ3D4Q7;
				ENABLE_PREVIEWS = YES;
				INFOPLIST_FILE = iOS/Info.plist;
				IPHONEOS_DEPLOYMENT_TARGET = 14.0;
				LD_RUNPATH_SEARCH_PATHS = (
					"$(inherited)",
					"@executable_path/Frameworks",
				);
				PRODUCT_BUNDLE_IDENTIFIER = com.fourcels.WangYiNews;
				PRODUCT_NAME = WangYiNews;
				SDKROOT = iphoneos;
				SWIFT_VERSION = 5.0;
				TARGETED_DEVICE_FAMILY = "1,2";
				VALIDATE_PRODUCT = YES;
			};
			name = Release;
		};
		BBC5A45D26818BBD0023A824 /* Debug */ = {
			isa = XCBuildConfiguration;
			buildSettings = {
				ASSETCATALOG_COMPILER_APPICON_NAME = AppIcon;
				ASSETCATALOG_COMPILER_GLOBAL_ACCENT_COLOR_NAME = AccentColor;
				CODE_SIGN_ENTITLEMENTS = macOS/macOS.entitlements;
				CODE_SIGN_STYLE = Automatic;
				COMBINE_HIDPI_IMAGES = YES;
				DEVELOPMENT_TEAM = 59DHQ3D4Q7;
				ENABLE_HARDENED_RUNTIME = YES;
				ENABLE_PREVIEWS = YES;
				INFOPLIST_FILE = macOS/Info.plist;
				LD_RUNPATH_SEARCH_PATHS = (
					"$(inherited)",
					"@executable_path/../Frameworks",
				);
				MACOSX_DEPLOYMENT_TARGET = 11.0;
				PRODUCT_BUNDLE_IDENTIFIER = com.fourcels.WangYiNews;
				PRODUCT_NAME = WangYiNews;
				SDKROOT = macosx;
				SWIFT_VERSION = 5.0;
			};
			name = Debug;
		};
		BBC5A45E26818BBD0023A824 /* Release */ = {
			isa = XCBuildConfiguration;
			buildSettings = {
				ASSETCATALOG_COMPILER_APPICON_NAME = AppIcon;
				ASSETCATALOG_COMPILER_GLOBAL_ACCENT_COLOR_NAME = AccentColor;
				CODE_SIGN_ENTITLEMENTS = macOS/macOS.entitlements;
				CODE_SIGN_STYLE = Automatic;
				COMBINE_HIDPI_IMAGES = YES;
				DEVELOPMENT_TEAM = 59DHQ3D4Q7;
				ENABLE_HARDENED_RUNTIME = YES;
				ENABLE_PREVIEWS = YES;
				INFOPLIST_FILE = macOS/Info.plist;
				LD_RUNPATH_SEARCH_PATHS = (
					"$(inherited)",
					"@executable_path/../Frameworks",
				);
				MACOSX_DEPLOYMENT_TARGET = 11.0;
				PRODUCT_BUNDLE_IDENTIFIER = com.fourcels.WangYiNews;
				PRODUCT_NAME = WangYiNews;
				SDKROOT = macosx;
				SWIFT_VERSION = 5.0;
			};
			name = Release;
		};
/* End XCBuildConfiguration section */

/* Begin XCConfigurationList section */
		BBC5A43C26818BBB0023A824 /* Build configuration list for PBXProject "WangYiNews" */ = {
			isa = XCConfigurationList;
			buildConfigurations = (
				BBC5A45726818BBD0023A824 /* Debug */,
				BBC5A45826818BBD0023A824 /* Release */,
			);
			defaultConfigurationIsVisible = 0;
			defaultConfigurationName = Release;
		};
		BBC5A45926818BBD0023A824 /* Build configuration list for PBXNativeTarget "WangYiNews (iOS)" */ = {
			isa = XCConfigurationList;
			buildConfigurations = (
				BBC5A45A26818BBD0023A824 /* Debug */,
				BBC5A45B26818BBD0023A824 /* Release */,
			);
			defaultConfigurationIsVisible = 0;
			defaultConfigurationName = Release;
		};
		BBC5A45C26818BBD0023A824 /* Build configuration list for PBXNativeTarget "WangYiNews (macOS)" */ = {
			isa = XCConfigurationList;
			buildConfigurations = (
				BBC5A45D26818BBD0023A824 /* Debug */,
				BBC5A45E26818BBD0023A824 /* Release */,
			);
			defaultConfigurationIsVisible = 0;
			defaultConfigurationName = Release;
		};
/* End XCConfigurationList section */

/* Begin XCRemoteSwiftPackageReference section */
		BBC5A46626818EE00023A824 /* XCRemoteSwiftPackageReference "url-image" */ = {
			isa = XCRemoteSwiftPackageReference;
			repositoryURL = "https://github.com/dmytro-anokhin/url-image";
			requirement = {
				kind = upToNextMajorVersion;
				minimumVersion = 3.1.0;
			};
		};
/* End XCRemoteSwiftPackageReference section */

/* Begin XCSwiftPackageProductDependency section */
		BBC5A46726818EE00023A824 /* URLImageStore */ = {
			isa = XCSwiftPackageProductDependency;
			package = BBC5A46626818EE00023A824 /* XCRemoteSwiftPackageReference "url-image" */;
			productName = URLImageStore;
		};
		BBC5A46926818EE00023A824 /* URLImage */ = {
			isa = XCSwiftPackageProductDependency;
			package = BBC5A46626818EE00023A824 /* XCRemoteSwiftPackageReference "url-image" */;
			productName = URLImage;
		};
/* End XCSwiftPackageProductDependency section */
	};
	rootObject = BBC5A43926818BBB0023A824 /* Project object */;
}
